
Microsoft Visual Studio Solution File, Format Version 12.00
# Visual Studio Version 17
VisualStudioVersion = 17.11.35303.130
MinimumVisualStudioVersion = 10.0.40219.1
Project("{FAE04EC0-301F-11D3-BF4B-00C04F79EFBC}") = "Project_64132985", "Project_64132985\Project_64132985.csproj", "{F2DD575D-9A5B-4675-913C-F1BC7A23235D}"
EndProject
Global
	GlobalSection(SolutionConfigurationPlatforms) = preSolution
		Debug|Any CPU = Debug|Any CPU
		Release|Any CPU = Release|Any CPU
	EndGlobalSection
	GlobalSection(ProjectConfigurationPlatforms) = postSolution
		{F2DD575D-9A5B-4675-913C-F1BC7A23235D}.Debug|Any CPU.ActiveCfg = Debug|Any CPU
		{F2DD575D-9A5B-4675-913C-F1BC7A23235D}.Debug|Any CPU.Build.0 = Debug|Any CPU
		{F2DD575D-9A5B-4675-913C-F1BC7A23235D}.Release|Any CPU.ActiveCfg = Release|Any CPU
		{F2DD575D-9A5B-4675-913C-F1BC7A23235D}.Release|Any CPU.Build.0 = Release|Any CPU
	EndGlobalSection
	GlobalSection(SolutionProperties) = preSolution
		HideSolutionNode = FALSE
	EndGlobalSection
	GlobalSection(ExtensibilityGlobals) = postSolution
		SolutionGuid = {3942235E-37E8-4416-9766-6B4000C7F2C6}
	EndGlobalSection
EndGlobal
